
Microsoft Visual Studio Solution File, Format Version 12.00
# Visual Studio Version 17
VisualStudioVersion = 17.6.33626.354
MinimumVisualStudioVersion = 10.0.40219.1
Project("{2150E333-8FDC-42A3-9474-1A3956D46DE8}") = ".Build", ".Build", "{D24E6A0E-FB2A-44DA-B8EF-34F9D03B4065}"
	ProjectSection(SolutionItems) = preProject
		.editorconfig = .editorconfig
		.gitignore = .gitignore
		Build\Directory.build.common.props = Build\Directory.build.common.props
		Build\Directory.build.common.targets = Build\Directory.build.common.targets
		Directory.Build.props = Directory.Build.props
		Directory.build.targets = Directory.build.targets
		Directory.buildcpp.props = Directory.buildcpp.props
		Directory.Packages.props = Directory.Packages.props
		Build\Directory.Packages.targets = Build\Directory.Packages.targets
		global.json = global.json
		LICENSE = LICENSE
		README.md = README.md
		Packages\webview@avalonia-logo.png = Packages\webview@avalonia-logo.png
	EndProjectSection
EndProject
Project("{9A19103F-16F7-4668-BE54-9A1E7A4F7556}") = "SampleWebView", "Source\Sample\SampleWebView\SampleWebView\SampleWebView.csproj", "{4661D90C-C373-4E13-B3C1-E6604281A20C}"
EndProject
Project("{9A19103F-16F7-4668-BE54-9A1E7A4F7556}") = "SampleWebView.Android", "Source\Sample\SampleWebView\SampleWebView.Android\SampleWebView.Android.csproj", "{30D99F05-3765-4E22-9616-908C49C67413}"
EndProject
Project("{9A19103F-16F7-4668-BE54-9A1E7A4F7556}") = "SampleWebView.Desktop", "Source\Sample\SampleWebView\SampleWebView.Desktop\SampleWebView.Desktop.csproj", "{9CA20CDF-9900-4CC7-8C15-1226DAD84768}"
EndProject
Project("{9A19103F-16F7-4668-BE54-9A1E7A4F7556}") = "SampleWebView.iOS", "Source\Sample\SampleWebView\SampleWebView.iOS\SampleWebView.iOS.csproj", "{06C080F5-3184-45D8-8CFB-FE796A0E3262}"
EndProject
Project("{2150E333-8FDC-42A3-9474-1A3956D46DE8}") = "Sample", "Sample", "{0341CDF7-F1AA-498A-825F-84FBA22D4CB4}"
EndProject
Project("{2150E333-8FDC-42A3-9474-1A3956D46DE8}") = "SampleWebView", "SampleWebView", "{83490912-3D02-4366-B645-BFAD4ED0AFE5}"
EndProject
Project("{2150E333-8FDC-42A3-9474-1A3956D46DE8}") = "SampleBlazorWebView", "SampleBlazorWebView", "{30565A8D-5256-4118-8BD2-D3ADFAAE5D4A}"
EndProject
Project("{9A19103F-16F7-4668-BE54-9A1E7A4F7556}") = "SampleBlazorWebView", "Source\Sample\SampleBlazorWebView\SampleBlazorWebView\SampleBlazorWebView.csproj", "{9F2713ED-C926-41A2-AB24-F543DC6E97B3}"
EndProject
Project("{9A19103F-16F7-4668-BE54-9A1E7A4F7556}") = "SampleBlazorWebView.Android", "Source\Sample\SampleBlazorWebView\SampleBlazorWebView.Android\SampleBlazorWebView.Android.csproj", "{235E8B67-14F5-4F50-9F7D-8857B5B68380}"
EndProject
Project("{9A19103F-16F7-4668-BE54-9A1E7A4F7556}") = "SampleBlazorWebView.Desktop", "Source\Sample\SampleBlazorWebView\SampleBlazorWebView.Desktop\SampleBlazorWebView.Desktop.csproj", "{5F3C998C-DC4D-4FE6-97F4-38B39F6BBA5B}"
EndProject
Project("{9A19103F-16F7-4668-BE54-9A1E7A4F7556}") = "SampleBlazorWebView.iOS", "Source\Sample\SampleBlazorWebView\SampleBlazorWebView.iOS\SampleBlazorWebView.iOS.csproj", "{67A7794F-2A3A-4A7B-B42A-9B49DA227AF3}"
EndProject
Project("{2150E333-8FDC-42A3-9474-1A3956D46DE8}") = "Platform", "Platform", "{070755E7-E85D-4C99-A7A7-CFE543054D7C}"
EndProject
Project("{2150E333-8FDC-42A3-9474-1A3956D46DE8}") = "Android", "Android", "{E918DF40-7D4A-401A-839E-1295F7F0E6E5}"
EndProject
Project("{2150E333-8FDC-42A3-9474-1A3956D46DE8}") = "iOS", "iOS", "{B78D4054-C34B-4AE3-BF55-8F15D3EE06D8}"
EndProject
Project("{2150E333-8FDC-42A3-9474-1A3956D46DE8}") = "Linux", "Linux", "{46299C4E-04B1-4205-AC04-EF86ED23FFF2}"
EndProject
Project("{2150E333-8FDC-42A3-9474-1A3956D46DE8}") = "Mac", "Mac", "{69A9B177-4720-4495-A6BA-028141036014}"
EndProject
Project("{2150E333-8FDC-42A3-9474-1A3956D46DE8}") = "Windows", "Windows", "{B3C57F7C-EFD6-4E43-A557-2DC448FE5AEB}"
EndProject
Project("{9A19103F-16F7-4668-BE54-9A1E7A4F7556}") = "Avalonia.WebView.Windows", "Source\Platform\Windows\Avalonia.WebView.Windows\Avalonia.WebView.Windows.csproj", "{330C8AF8-47C7-4C4E-ADF7-F186D892AA47}"
EndProject
Project("{9A19103F-16F7-4668-BE54-9A1E7A4F7556}") = "Microsoft.Web.WebView2.Core", "Source\Platform\Windows\Microsoft.Web.WebView2.Core\Microsoft.Web.WebView2.Core.csproj", "{68A24AE6-B95D-412A-98E4-B84BC42A52C3}"
EndProject
Project("{9A19103F-16F7-4668-BE54-9A1E7A4F7556}") = "Microsoft.Web.WebView2.WinForms", "Source\Platform\Windows\Microsoft.Web.WebView2.WinForms\Microsoft.Web.WebView2.WinForms.csproj", "{694D0ADA-2ED3-4A89-84C7-43E685502F99}"
EndProject
Project("{9A19103F-16F7-4668-BE54-9A1E7A4F7556}") = "Microsoft.Web.WebView2.Wpf", "Source\Platform\Windows\Microsoft.Web.WebView2.Wpf\Microsoft.Web.WebView2.Wpf.csproj", "{80630AA2-4003-4D20-A768-A032DD4463E8}"
EndProject
Project("{9A19103F-16F7-4668-BE54-9A1E7A4F7556}") = "Avalonia.WebView", "Source\Avalonia.WebView\Avalonia.WebView.csproj", "{F7830EE5-7C91-4AD4-8A10-32A8B01A7637}"
EndProject
Project("{9A19103F-16F7-4668-BE54-9A1E7A4F7556}") = "WebView.Core", "Source\WebView.Core\WebView.Core.csproj", "{3903CFAE-3430-4DDF-AB82-BC2DC5148909}"
EndProject
Project("{9A19103F-16F7-4668-BE54-9A1E7A4F7556}") = "AvaloniaWebView.Shared", "Source\AvaloniaWebView.Shared\AvaloniaWebView.Shared.csproj", "{2A2FA36D-BCB3-4C99-86FE-A534FB211EF5}"
EndProject
Project("{9A19103F-16F7-4668-BE54-9A1E7A4F7556}") = "Avalonia.BlazorWebView", "Source\Avalonia.BlazorWebView\Avalonia.BlazorWebView.csproj", "{6067C60B-5E91-43B9-A077-1A8E5318ED9A}"
EndProject
Project("{9A19103F-16F7-4668-BE54-9A1E7A4F7556}") = "Microsoft.AspNetCore.Components.WebView.Wpf", "Source\Platform\Windows\Microsoft.AspNetCore.Components.WebView.Wpf\Microsoft.AspNetCore.Components.WebView.Wpf.csproj", "{8D642CAF-2505-4228-925B-7DA737FB4E4A}"
EndProject
Project("{9A19103F-16F7-4668-BE54-9A1E7A4F7556}") = "SampleBlazorWebViewShared", "Source\Sample\SampleBlazorWebView\SampleBlazorWebViewShared\SampleBlazorWebViewShared.csproj", "{18CB7DBF-4E4F-4210-9049-0689CE1C0D7A}"
EndProject
Project("{9A19103F-16F7-4668-BE54-9A1E7A4F7556}") = "SampleBlazorWebView.Wpf", "Source\Sample\SampleBlazorWebView\SampleBlazorWebView.Wpf\SampleBlazorWebView.Wpf.csproj", "{6C5F0436-9396-4941-B7D4-DE6A3F8B2584}"
EndProject
Project("{9A19103F-16F7-4668-BE54-9A1E7A4F7556}") = "Avalonia.WebView.Mac", "Source\Platform\Mac\Avalonia.WebView.Mac\Avalonia.WebView.Mac.csproj", "{C6673D56-527D-44A0-9534-E9446888C44B}"
EndProject
Project("{9A19103F-16F7-4668-BE54-9A1E7A4F7556}") = "Avalonia.WebView.Linux", "Source\Platform\Linux\Avalonia.WebView.Linux\Avalonia.WebView.Linux.csproj", "{60138273-B56D-4606-9D7B-49BA2A1E5F63}"
EndProject
Project("{9A19103F-16F7-4668-BE54-9A1E7A4F7556}") = "Avalonia.WebView.iOS", "Source\Platform\iOS\Avalonia.WebView.iOS\Avalonia.WebView.iOS.csproj", "{D6AB6685-A26D-4173-8330-023C4C694F96}"
EndProject
Project("{9A19103F-16F7-4668-BE54-9A1E7A4F7556}") = "Avalonia.WebView.Android", "Source\Platform\Android\Avalonia.WebView.Android\Avalonia.WebView.Android.csproj", "{9EE80C26-E340-4326-BD52-CE3A1E0A88F8}"
EndProject
Project("{2150E333-8FDC-42A3-9474-1A3956D46DE8}") = ".Desktop", ".Desktop", "{F8A28023-40F2-493A-9BE4-940A03E2F5FC}"
EndProject
Project("{9A19103F-16F7-4668-BE54-9A1E7A4F7556}") = "Avalonia.WebView.Desktop", "Source\Platform\Desktop\Avalonia.WebView.Desktop\Avalonia.WebView.Desktop.csproj", "{BAD2F732-E4AB-40C4-9792-B866E668ACB8}"
EndProject
Project("{FAE04EC0-301F-11D3-BF4B-00C04F79EFBC}") = "Linux.WebView.Core", "Source\Platform\Linux\Linux.WebView.Core\Linux.WebView.Core.csproj", "{A8FFBC52-132F-4161-9AFF-33E03704B932}"
EndProject
Project("{FAE04EC0-301F-11D3-BF4B-00C04F79EFBC}") = "Avalonia.WebView.MacCatalyst", "Source\Platform\Mac\Avalonia.WebView.MacCatalyst\Avalonia.WebView.MacCatalyst.csproj", "{C196C208-3E95-4E3C-B0B3-47B3ABA74D69}"
EndProject
Global
	GlobalSection(SolutionConfigurationPlatforms) = preSolution
		Debug|Any CPU = Debug|Any CPU
		Release|Any CPU = Release|Any CPU
	EndGlobalSection
	GlobalSection(ProjectConfigurationPlatforms) = postSolution
		{4661D90C-C373-4E13-B3C1-E6604281A20C}.Debug|Any CPU.ActiveCfg = Debug|Any CPU
		{4661D90C-C373-4E13-B3C1-E6604281A20C}.Debug|Any CPU.Build.0 = Debug|Any CPU
		{4661D90C-C373-4E13-B3C1-E6604281A20C}.Release|Any CPU.ActiveCfg = Release|Any CPU
		{4661D90C-C373-4E13-B3C1-E6604281A20C}.Release|Any CPU.Build.0 = Release|Any CPU
		{30D99F05-3765-4E22-9616-908C49C67413}.Debug|Any CPU.ActiveCfg = Debug|Any CPU
		{30D99F05-3765-4E22-9616-908C49C67413}.Debug|Any CPU.Build.0 = Debug|Any CPU
		{30D99F05-3765-4E22-9616-908C49C67413}.Debug|Any CPU.Deploy.0 = Debug|Any CPU
		{30D99F05-3765-4E22-9616-908C49C67413}.Release|Any CPU.ActiveCfg = Release|Any CPU
		{30D99F05-3765-4E22-9616-908C49C67413}.Release|Any CPU.Build.0 = Release|Any CPU
		{30D99F05-3765-4E22-9616-908C49C67413}.Release|Any CPU.Deploy.0 = Release|Any CPU
		{9CA20CDF-9900-4CC7-8C15-1226DAD84768}.Debug|Any CPU.ActiveCfg = Debug|Any CPU
		{9CA20CDF-9900-4CC7-8C15-1226DAD84768}.Debug|Any CPU.Build.0 = Debug|Any CPU
		{9CA20CDF-9900-4CC7-8C15-1226DAD84768}.Release|Any CPU.ActiveCfg = Release|Any CPU
		{9CA20CDF-9900-4CC7-8C15-1226DAD84768}.Release|Any CPU.Build.0 = Release|Any CPU
		{06C080F5-3184-45D8-8CFB-FE796A0E3262}.Debug|Any CPU.ActiveCfg = Debug|Any CPU
		{06C080F5-3184-45D8-8CFB-FE796A0E3262}.Debug|Any CPU.Build.0 = Debug|Any CPU
		{06C080F5-3184-45D8-8CFB-FE796A0E3262}.Debug|Any CPU.Deploy.0 = Debug|Any CPU
		{06C080F5-3184-45D8-8CFB-FE796A0E3262}.Release|Any CPU.ActiveCfg = Release|Any CPU
		{06C080F5-3184-45D8-8CFB-FE796A0E3262}.Release|Any CPU.Build.0 = Release|Any CPU
		{06C080F5-3184-45D8-8CFB-FE796A0E3262}.Release|Any CPU.Deploy.0 = Release|Any CPU
		{9F2713ED-C926-41A2-AB24-F543DC6E97B3}.Debug|Any CPU.ActiveCfg = Debug|Any CPU
		{9F2713ED-C926-41A2-AB24-F543DC6E97B3}.Debug|Any CPU.Build.0 = Debug|Any CPU
		{9F2713ED-C926-41A2-AB24-F543DC6E97B3}.Release|Any CPU.ActiveCfg = Release|Any CPU
		{9F2713ED-C926-41A2-AB24-F543DC6E97B3}.Release|Any CPU.Build.0 = Release|Any CPU
		{235E8B67-14F5-4F50-9F7D-8857B5B68380}.Debug|Any CPU.ActiveCfg = Debug|Any CPU
		{235E8B67-14F5-4F50-9F7D-8857B5B68380}.Debug|Any CPU.Build.0 = Debug|Any CPU
		{235E8B67-14F5-4F50-9F7D-8857B5B68380}.Debug|Any CPU.Deploy.0 = Debug|Any CPU
		{235E8B67-14F5-4F50-9F7D-8857B5B68380}.Release|Any CPU.ActiveCfg = Release|Any CPU
		{235E8B67-14F5-4F50-9F7D-8857B5B68380}.Release|Any CPU.Build.0 = Release|Any CPU
		{235E8B67-14F5-4F50-9F7D-8857B5B68380}.Release|Any CPU.Deploy.0 = Release|Any CPU
		{5F3C998C-DC4D-4FE6-97F4-38B39F6BBA5B}.Debug|Any CPU.ActiveCfg = Debug|Any CPU
		{5F3C998C-DC4D-4FE6-97F4-38B39F6BBA5B}.Debug|Any CPU.Build.0 = Debug|Any CPU
		{5F3C998C-DC4D-4FE6-97F4-38B39F6BBA5B}.Release|Any CPU.ActiveCfg = Release|Any CPU
		{5F3C998C-DC4D-4FE6-97F4-38B39F6BBA5B}.Release|Any CPU.Build.0 = Release|Any CPU
		{67A7794F-2A3A-4A7B-B42A-9B49DA227AF3}.Debug|Any CPU.ActiveCfg = Debug|Any CPU
		{67A7794F-2A3A-4A7B-B42A-9B49DA227AF3}.Debug|Any CPU.Build.0 = Debug|Any CPU
		{67A7794F-2A3A-4A7B-B42A-9B49DA227AF3}.Debug|Any CPU.Deploy.0 = Debug|Any CPU
		{67A7794F-2A3A-4A7B-B42A-9B49DA227AF3}.Release|Any CPU.ActiveCfg = Release|Any CPU
		{67A7794F-2A3A-4A7B-B42A-9B49DA227AF3}.Release|Any CPU.Build.0 = Release|Any CPU
		{67A7794F-2A3A-4A7B-B42A-9B49DA227AF3}.Release|Any CPU.Deploy.0 = Release|Any CPU
		{330C8AF8-47C7-4C4E-ADF7-F186D892AA47}.Debug|Any CPU.ActiveCfg = Debug|Any CPU
		{330C8AF8-47C7-4C4E-ADF7-F186D892AA47}.Debug|Any CPU.Build.0 = Debug|Any CPU
		{330C8AF8-47C7-4C4E-ADF7-F186D892AA47}.Release|Any CPU.ActiveCfg = Release|Any CPU
		{330C8AF8-47C7-4C4E-ADF7-F186D892AA47}.Release|Any CPU.Build.0 = Release|Any CPU
		{68A24AE6-B95D-412A-98E4-B84BC42A52C3}.Debug|Any CPU.ActiveCfg = Debug|Any CPU
		{68A24AE6-B95D-412A-98E4-B84BC42A52C3}.Debug|Any CPU.Build.0 = Debug|Any CPU
		{68A24AE6-B95D-412A-98E4-B84BC42A52C3}.Release|Any CPU.ActiveCfg = Release|Any CPU
		{68A24AE6-B95D-412A-98E4-B84BC42A52C3}.Release|Any CPU.Build.0 = Release|Any CPU
		{694D0ADA-2ED3-4A89-84C7-43E685502F99}.Debug|Any CPU.ActiveCfg = Debug|Any CPU
		{694D0ADA-2ED3-4A89-84C7-43E685502F99}.Debug|Any CPU.Build.0 = Debug|Any CPU
		{694D0ADA-2ED3-4A89-84C7-43E685502F99}.Release|Any CPU.ActiveCfg = Release|Any CPU
		{694D0ADA-2ED3-4A89-84C7-43E685502F99}.Release|Any CPU.Build.0 = Release|Any CPU
		{80630AA2-4003-4D20-A768-A032DD4463E8}.Debug|Any CPU.ActiveCfg = Debug|Any CPU
		{80630AA2-4003-4D20-A768-A032DD4463E8}.Debug|Any CPU.Build.0 = Debug|Any CPU
		{80630AA2-4003-4D20-A768-A032DD4463E8}.Release|Any CPU.ActiveCfg = Release|Any CPU
		{80630AA2-4003-4D20-A768-A032DD4463E8}.Release|Any CPU.Build.0 = Release|Any CPU
		{F7830EE5-7C91-4AD4-8A10-32A8B01A7637}.Debug|Any CPU.ActiveCfg = Debug|Any CPU
		{F7830EE5-7C91-4AD4-8A10-32A8B01A7637}.Debug|Any CPU.Build.0 = Debug|Any CPU
		{F7830EE5-7C91-4AD4-8A10-32A8B01A7637}.Release|Any CPU.ActiveCfg = Release|Any CPU
		{F7830EE5-7C91-4AD4-8A10-32A8B01A7637}.Release|Any CPU.Build.0 = Release|Any CPU
		{3903CFAE-3430-4DDF-AB82-BC2DC5148909}.Debug|Any CPU.ActiveCfg = Debug|Any CPU
		{3903CFAE-3430-4DDF-AB82-BC2DC5148909}.Debug|Any CPU.Build.0 = Debug|Any CPU
		{3903CFAE-3430-4DDF-AB82-BC2DC5148909}.Release|Any CPU.ActiveCfg = Release|Any CPU
		{3903CFAE-3430-4DDF-AB82-BC2DC5148909}.Release|Any CPU.Build.0 = Release|Any CPU
		{2A2FA36D-BCB3-4C99-86FE-A534FB211EF5}.Debug|Any CPU.ActiveCfg = Debug|Any CPU
		{2A2FA36D-BCB3-4C99-86FE-A534FB211EF5}.Debug|Any CPU.Build.0 = Debug|Any CPU
		{2A2FA36D-BCB3-4C99-86FE-A534FB211EF5}.Release|Any CPU.ActiveCfg = Release|Any CPU
		{2A2FA36D-BCB3-4C99-86FE-A534FB211EF5}.Release|Any CPU.Build.0 = Release|Any CPU
		{6067C60B-5E91-43B9-A077-1A8E5318ED9A}.Debug|Any CPU.ActiveCfg = Debug|Any CPU
		{6067C60B-5E91-43B9-A077-1A8E5318ED9A}.Debug|Any CPU.Build.0 = Debug|Any CPU
		{6067C60B-5E91-43B9-A077-1A8E5318ED9A}.Release|Any CPU.ActiveCfg = Release|Any CPU
		{6067C60B-5E91-43B9-A077-1A8E5318ED9A}.Release|Any CPU.Build.0 = Release|Any CPU
		{8D642CAF-2505-4228-925B-7DA737FB4E4A}.Debug|Any CPU.ActiveCfg = Debug|Any CPU
		{8D642CAF-2505-4228-925B-7DA737FB4E4A}.Debug|Any CPU.Build.0 = Debug|Any CPU
		{8D642CAF-2505-4228-925B-7DA737FB4E4A}.Release|Any CPU.ActiveCfg = Release|Any CPU
		{8D642CAF-2505-4228-925B-7DA737FB4E4A}.Release|Any CPU.Build.0 = Release|Any CPU
		{18CB7DBF-4E4F-4210-9049-0689CE1C0D7A}.Debug|Any CPU.ActiveCfg = Debug|Any CPU
		{18CB7DBF-4E4F-4210-9049-0689CE1C0D7A}.Debug|Any CPU.Build.0 = Debug|Any CPU
		{18CB7DBF-4E4F-4210-9049-0689CE1C0D7A}.Release|Any CPU.ActiveCfg = Release|Any CPU
		{18CB7DBF-4E4F-4210-9049-0689CE1C0D7A}.Release|Any CPU.Build.0 = Release|Any CPU
		{6C5F0436-9396-4941-B7D4-DE6A3F8B2584}.Debug|Any CPU.ActiveCfg = Debug|Any CPU
		{6C5F0436-9396-4941-B7D4-DE6A3F8B2584}.Debug|Any CPU.Build.0 = Debug|Any CPU
		{6C5F0436-9396-4941-B7D4-DE6A3F8B2584}.Release|Any CPU.ActiveCfg = Release|Any CPU
		{6C5F0436-9396-4941-B7D4-DE6A3F8B2584}.Release|Any CPU.Build.0 = Release|Any CPU
		{C6673D56-527D-44A0-9534-E9446888C44B}.Debug|Any CPU.ActiveCfg = Debug|Any CPU
		{C6673D56-527D-44A0-9534-E9446888C44B}.Debug|Any CPU.Build.0 = Debug|Any CPU
		{C6673D56-527D-44A0-9534-E9446888C44B}.Release|Any CPU.ActiveCfg = Release|Any CPU
		{C6673D56-527D-44A0-9534-E9446888C44B}.Release|Any CPU.Build.0 = Release|Any CPU
		{60138273-B56D-4606-9D7B-49BA2A1E5F63}.Debug|Any CPU.ActiveCfg = Debug|Any CPU
		{60138273-B56D-4606-9D7B-49BA2A1E5F63}.Debug|Any CPU.Build.0 = Debug|Any CPU
		{60138273-B56D-4606-9D7B-49BA2A1E5F63}.Release|Any CPU.ActiveCfg = Release|Any CPU
		{60138273-B56D-4606-9D7B-49BA2A1E5F63}.Release|Any CPU.Build.0 = Release|Any CPU
		{D6AB6685-A26D-4173-8330-023C4C694F96}.Debug|Any CPU.ActiveCfg = Debug|Any CPU
		{D6AB6685-A26D-4173-8330-023C4C694F96}.Debug|Any CPU.Build.0 = Debug|Any CPU
		{D6AB6685-A26D-4173-8330-023C4C694F96}.Release|Any CPU.ActiveCfg = Release|Any CPU
		{D6AB6685-A26D-4173-8330-023C4C694F96}.Release|Any CPU.Build.0 = Release|Any CPU
		{9EE80C26-E340-4326-BD52-CE3A1E0A88F8}.Debug|Any CPU.ActiveCfg = Debug|Any CPU
		{9EE80C26-E340-4326-BD52-CE3A1E0A88F8}.Debug|Any CPU.Build.0 = Debug|Any CPU
		{9EE80C26-E340-4326-BD52-CE3A1E0A88F8}.Release|Any CPU.ActiveCfg = Release|Any CPU
		{9EE80C26-E340-4326-BD52-CE3A1E0A88F8}.Release|Any CPU.Build.0 = Release|Any CPU
		{BAD2F732-E4AB-40C4-9792-B866E668ACB8}.Debug|Any CPU.ActiveCfg = Debug|Any CPU
		{BAD2F732-E4AB-40C4-9792-B866E668ACB8}.Debug|Any CPU.Build.0 = Debug|Any CPU
		{BAD2F732-E4AB-40C4-9792-B866E668ACB8}.Release|Any CPU.ActiveCfg = Release|Any CPU
		{BAD2F732-E4AB-40C4-9792-B866E668ACB8}.Release|Any CPU.Build.0 = Release|Any CPU
		{A8FFBC52-132F-4161-9AFF-33E03704B932}.Debug|Any CPU.ActiveCfg = Debug|Any CPU
		{A8FFBC52-132F-4161-9AFF-33E03704B932}.Debug|Any CPU.Build.0 = Debug|Any CPU
		{A8FFBC52-132F-4161-9AFF-33E03704B932}.Release|Any CPU.ActiveCfg = Release|Any CPU
		{A8FFBC52-132F-4161-9AFF-33E03704B932}.Release|Any CPU.Build.0 = Release|Any CPU
		{C196C208-3E95-4E3C-B0B3-47B3ABA74D69}.Debug|Any CPU.ActiveCfg = Debug|Any CPU
		{C196C208-3E95-4E3C-B0B3-47B3ABA74D69}.Debug|Any CPU.Build.0 = Debug|Any CPU
		{C196C208-3E95-4E3C-B0B3-47B3ABA74D69}.Release|Any CPU.ActiveCfg = Release|Any CPU
		{C196C208-3E95-4E3C-B0B3-47B3ABA74D69}.Release|Any CPU.Build.0 = Release|Any CPU
	EndGlobalSection
	GlobalSection(SolutionProperties) = preSolution
		HideSolutionNode = FALSE
	EndGlobalSection
	GlobalSection(NestedProjects) = preSolution
		{4661D90C-C373-4E13-B3C1-E6604281A20C} = {83490912-3D02-4366-B645-BFAD4ED0AFE5}
		{30D99F05-3765-4E22-9616-908C49C67413} = {83490912-3D02-4366-B645-BFAD4ED0AFE5}
		{9CA20CDF-9900-4CC7-8C15-1226DAD84768} = {83490912-3D02-4366-B645-BFAD4ED0AFE5}
		{06C080F5-3184-45D8-8CFB-FE796A0E3262} = {83490912-3D02-4366-B645-BFAD4ED0AFE5}
		{83490912-3D02-4366-B645-BFAD4ED0AFE5} = {0341CDF7-F1AA-498A-825F-84FBA22D4CB4}
		{30565A8D-5256-4118-8BD2-D3ADFAAE5D4A} = {0341CDF7-F1AA-498A-825F-84FBA22D4CB4}
		{9F2713ED-C926-41A2-AB24-F543DC6E97B3} = {30565A8D-5256-4118-8BD2-D3ADFAAE5D4A}
		{235E8B67-14F5-4F50-9F7D-8857B5B68380} = {30565A8D-5256-4118-8BD2-D3ADFAAE5D4A}
		{5F3C998C-DC4D-4FE6-97F4-38B39F6BBA5B} = {30565A8D-5256-4118-8BD2-D3ADFAAE5D4A}
		{67A7794F-2A3A-4A7B-B42A-9B49DA227AF3} = {30565A8D-5256-4118-8BD2-D3ADFAAE5D4A}
		{E918DF40-7D4A-401A-839E-1295F7F0E6E5} = {070755E7-E85D-4C99-A7A7-CFE543054D7C}
		{B78D4054-C34B-4AE3-BF55-8F15D3EE06D8} = {070755E7-E85D-4C99-A7A7-CFE543054D7C}
		{46299C4E-04B1-4205-AC04-EF86ED23FFF2} = {070755E7-E85D-4C99-A7A7-CFE543054D7C}
		{69A9B177-4720-4495-A6BA-028141036014} = {070755E7-E85D-4C99-A7A7-CFE543054D7C}
		{B3C57F7C-EFD6-4E43-A557-2DC448FE5AEB} = {070755E7-E85D-4C99-A7A7-CFE543054D7C}
		{330C8AF8-47C7-4C4E-ADF7-F186D892AA47} = {B3C57F7C-EFD6-4E43-A557-2DC448FE5AEB}
		{68A24AE6-B95D-412A-98E4-B84BC42A52C3} = {B3C57F7C-EFD6-4E43-A557-2DC448FE5AEB}
		{694D0ADA-2ED3-4A89-84C7-43E685502F99} = {B3C57F7C-EFD6-4E43-A557-2DC448FE5AEB}
		{80630AA2-4003-4D20-A768-A032DD4463E8} = {B3C57F7C-EFD6-4E43-A557-2DC448FE5AEB}
		{8D642CAF-2505-4228-925B-7DA737FB4E4A} = {B3C57F7C-EFD6-4E43-A557-2DC448FE5AEB}
		{18CB7DBF-4E4F-4210-9049-0689CE1C0D7A} = {30565A8D-5256-4118-8BD2-D3ADFAAE5D4A}
		{6C5F0436-9396-4941-B7D4-DE6A3F8B2584} = {30565A8D-5256-4118-8BD2-D3ADFAAE5D4A}
		{C6673D56-527D-44A0-9534-E9446888C44B} = {69A9B177-4720-4495-A6BA-028141036014}
		{60138273-B56D-4606-9D7B-49BA2A1E5F63} = {46299C4E-04B1-4205-AC04-EF86ED23FFF2}
		{D6AB6685-A26D-4173-8330-023C4C694F96} = {B78D4054-C34B-4AE3-BF55-8F15D3EE06D8}
		{9EE80C26-E340-4326-BD52-CE3A1E0A88F8} = {E918DF40-7D4A-401A-839E-1295F7F0E6E5}
		{F8A28023-40F2-493A-9BE4-940A03E2F5FC} = {070755E7-E85D-4C99-A7A7-CFE543054D7C}
		{BAD2F732-E4AB-40C4-9792-B866E668ACB8} = {F8A28023-40F2-493A-9BE4-940A03E2F5FC}
		{A8FFBC52-132F-4161-9AFF-33E03704B932} = {46299C4E-04B1-4205-AC04-EF86ED23FFF2}
		{C196C208-3E95-4E3C-B0B3-47B3ABA74D69} = {69A9B177-4720-4495-A6BA-028141036014}
	EndGlobalSection
	GlobalSection(ExtensibilityGlobals) = postSolution
		SolutionGuid = {0921EC9A-CD2A-4912-BC79-11B67BBCBDF5}
	EndGlobalSection
EndGlobal
